<?xml version="1.0" encoding="utf-8"?>
<Project ToolsVersion="4.0" xmlns="http://schemas.microsoft.com/developer/msbuild/2003">
  <ItemGroup>
    <Filter Include="ソース ファイル">
      <UniqueIdentifier>{4FC737F1-C7A5-4376-A066-2A32D752A2FF}</UniqueIdentifier>
      <Extensions>cpp;c;cc;cxx;def;odl;idl;hpj;bat;asm;asmx</Extensions>
    </Filter>
    <Filter Include="リソース ファイル">
      <UniqueIdentifier>{67DA6AB6-F800-4c08-8B7A-83BB121AAD01}</UniqueIdentifier>
      <Extensions>rc;ico;cur;bmp;dlg;rc2;rct;bin;rgs;gif;jpg;jpeg;jpe;resx;tiff;tif;png;wav;mfcribbon-ms</Extensions>
    </Filter>
    <Filter Include="ソース ファイル\Main">
      <UniqueIdentifier>{3245cb03-bb15-488e-b2e6-d4d7df7963af}</UniqueIdentifier>
    </Filter>
    <Filter Include="ソース ファイル\Define">
      <UniqueIdentifier>{9a827370-ddc9-4702-bd82-d3fac05dfbaf}</UniqueIdentifier>
    </Filter>
    <Filter Include="ソース ファイル\Base">
      <UniqueIdentifier>{9ee0a3d8-2901-451e-b59a-7c0932ae604d}</UniqueIdentifier>
    </Filter>
    <Filter Include="ソース ファイル\Light">
      <UniqueIdentifier>{cdf5d4c6-9d13-4e4f-a7ab-3740ad9328b6}</UniqueIdentifier>
    </Filter>
    <Filter Include="ソース ファイル\GameMain">
      <UniqueIdentifier>{be2d3426-a426-4bdc-a2ec-9631c67e0057}</UniqueIdentifier>
    </Filter>
    <Filter Include="ソース ファイル\GameMain\Scene">
      <UniqueIdentifier>{13562574-962d-4542-8652-6f1672092fb9}</UniqueIdentifier>
    </Filter>
    <Filter Include="ソース ファイル\GameMain\Scene\ItemScene">
      <UniqueIdentifier>{265cc212-f347-4372-95f5-af2485547439}</UniqueIdentifier>
    </Filter>
    <Filter Include="ソース ファイル\GameMain\Scene\QuestScene">
      <UniqueIdentifier>{c714adba-ae80-48ed-b52e-8b5f2f1a257d}</UniqueIdentifier>
    </Filter>
    <Filter Include="ソース ファイル\GameMain\Scene\ShopScene">
      <UniqueIdentifier>{c4a7619b-adae-40aa-8088-9313d733d684}</UniqueIdentifier>
    </Filter>
    <Filter Include="ソース ファイル\GameMain\Scene\TitleScene">
      <UniqueIdentifier>{f94fcae7-49d0-4f72-a369-3c927d2233fb}</UniqueIdentifier>
    </Filter>
    <Filter Include="ソース ファイル\GameMain\Scene\GameScene">
      <UniqueIdentifier>{49fc5549-d951-4247-992e-c93b48ca440e}</UniqueIdentifier>
    </Filter>
    <Filter Include="ソース ファイル\GameMain\Scene\GameScene\Map">
      <UniqueIdentifier>{f4117baf-49fb-428a-be9c-b41f0eb23a1a}</UniqueIdentifier>
    </Filter>
    <Filter Include="ソース ファイル\GameMain\Scene\GameScene\UI">
      <UniqueIdentifier>{7c189013-2bf5-49fb-9523-0a543f6e58e9}</UniqueIdentifier>
    </Filter>
    <Filter Include="ソース ファイル\GameMain\Task">
      <UniqueIdentifier>{48f8db68-16e6-4a3e-8945-c0cce0a48451}</UniqueIdentifier>
    </Filter>
    <Filter Include="ソース ファイル\GameMain\Camera">
      <UniqueIdentifier>{b3e36be0-ec8d-4a73-9610-ddfc3df1097d}</UniqueIdentifier>
    </Filter>
    <Filter Include="ソース ファイル\GameMain\Collision">
      <UniqueIdentifier>{942e36ba-e16a-4869-b4c4-3026ee222408}</UniqueIdentifier>
    </Filter>
    <Filter Include="ソース ファイル\GameMain\Graphic">
      <UniqueIdentifier>{ff144873-1300-4e78-9844-ad32bb12656e}</UniqueIdentifier>
    </Filter>
    <Filter Include="ソース ファイル\GameMain\Key">
      <UniqueIdentifier>{793dfa0b-0a1f-4645-a016-67d3a4aefa59}</UniqueIdentifier>
    </Filter>
    <Filter Include="ソース ファイル\GameMain\Matrix">
      <UniqueIdentifier>{a65505d5-1230-49bf-ab81-6d9b0e5c5822}</UniqueIdentifier>
    </Filter>
    <Filter Include="ソース ファイル\GameMain\Vector">
      <UniqueIdentifier>{85315b78-43f8-4859-b788-c3877973e5bb}</UniqueIdentifier>
    </Filter>
    <Filter Include="ソース ファイル\GameMain\Scene\HomeScene">
      <UniqueIdentifier>{c6e8d48b-1789-452e-b281-b65a02f58a68}</UniqueIdentifier>
    </Filter>
    <Filter Include="ソース ファイル\GameMain\Scene\OptionScene">
      <UniqueIdentifier>{cb11fadd-637f-444a-9325-0a972a05d772}</UniqueIdentifier>
    </Filter>
    <Filter Include="ソース ファイル\GameMain\Scene\GameScene\Convenient">
      <UniqueIdentifier>{964f807d-4aeb-4cbf-8553-088b910d33db}</UniqueIdentifier>
    </Filter>
    <Filter Include="ソース ファイル\GameMain\Scene\GameScene\CharaData">
      <UniqueIdentifier>{aa1fedf3-4d3a-454e-ad6d-28bbb693e16c}</UniqueIdentifier>
    </Filter>
    <Filter Include="ソース ファイル\GameMain\Scene\GameScene\Puck">
      <UniqueIdentifier>{7ad2df17-31dd-498f-99e4-52a55484ddf8}</UniqueIdentifier>
    </Filter>
    <Filter Include="ソース ファイル\GameMain\Scene\GameScene\Effect">
      <UniqueIdentifier>{f053f3e7-690e-42e7-ae0b-a8ecc51ff6b7}</UniqueIdentifier>
    </Filter>
    <Filter Include="ソース ファイル\GameMain\Scene\GameOverScene">
      <UniqueIdentifier>{4b4df3de-1feb-4095-bfcd-83075651b27f}</UniqueIdentifier>
    </Filter>
    <Filter Include="ソース ファイル\GameMain\Scene\GameClearScene">
      <UniqueIdentifier>{a21c79e1-f884-4e12-9c3b-51f6dd57abf2}</UniqueIdentifier>
    </Filter>
    <Filter Include="ソース ファイル\GameMain\Scene\GameScene\CountDown">
      <UniqueIdentifier>{1b0f380a-dfb3-400f-ab85-d696056baaa8}</UniqueIdentifier>
    </Filter>
    <Filter Include="ソース ファイル\GameMain\Scene\GameScene\Map\Goal">
      <UniqueIdentifier>{84bba94d-a420-47fd-b7cf-957d6e1dfe9f}</UniqueIdentifier>
    </Filter>
    <Filter Include="ソース ファイル\GameMain\Csv">
      <UniqueIdentifier>{4cd6ad61-d175-4754-8739-19771b6045de}</UniqueIdentifier>
    </Filter>
    <Filter Include="ソース ファイル\GameMain\Scene\GameScene\Pause">
      <UniqueIdentifier>{5670fa71-4e04-4e30-8cc0-bcec89cdf424}</UniqueIdentifier>
    </Filter>
    <Filter Include="ソース ファイル\GameMain\Scene\GameScene\Map\Trampoline">
      <UniqueIdentifier>{486c577b-706f-4612-9f55-af95b512a352}</UniqueIdentifier>
    </Filter>
    <Filter Include="ソース ファイル\GameMain\Scene\GameScene\Map\HighBox">
      <UniqueIdentifier>{eee7c29c-4cb7-4320-95bf-506a9a40230f}</UniqueIdentifier>
    </Filter>
    <Filter Include="ソース ファイル\GameMain\Scene\GameScene\Map\FastFloor">
      <UniqueIdentifier>{4820d753-68f3-4164-bff5-529b386bb21b}</UniqueIdentifier>
    </Filter>
    <Filter Include="ソース ファイル\GameMain\Scene\GameScene\Map\SlowFloor">
      <UniqueIdentifier>{62a3efed-8fbb-4e3a-adf9-f0942726daf1}</UniqueIdentifier>
    </Filter>
    <Filter Include="ソース ファイル\GameMain\Scene\GameScene\Map\Net">
      <UniqueIdentifier>{7c638884-a51c-46e7-b85b-b392a5ec419b}</UniqueIdentifier>
    </Filter>
    <Filter Include="ソース ファイル\GameMain\Scene\GameScene\Map\Slope">
      <UniqueIdentifier>{4e16eeb2-5452-404b-81bc-7617ab442c91}</UniqueIdentifier>
    </Filter>
    <Filter Include="ソース ファイル\GameMain\Scene\GameResult">
      <UniqueIdentifier>{6741ec23-3e5a-4e1b-a7fc-f4b8ffc36312}</UniqueIdentifier>
    </Filter>
    <Filter Include="ソース ファイル\GameMain\Collision\ColType">
      <UniqueIdentifier>{87f35eb5-40da-444f-b7c5-2de575faef3b}</UniqueIdentifier>
    </Filter>
    <Filter Include="ソース ファイル\GameMain\Scene\GameScene\Map\SlopeEnd">
      <UniqueIdentifier>{b8859c8e-800c-41a7-a747-8d45af1059ca}</UniqueIdentifier>
    </Filter>
    <Filter Include="ソース ファイル\GameMain\Scene\GameScene\Tutorial">
      <UniqueIdentifier>{f76e92bc-52c2-4398-8c89-d43e342ed8be}</UniqueIdentifier>
    </Filter>
  </ItemGroup>
  <ItemGroup>
    <ClCompile Include="Main\main.cpp">
      <Filter>ソース ファイル\Main</Filter>
    </ClCompile>
    <ClCompile Include="Base\CBase.cpp">
      <Filter>ソース ファイル\Base</Filter>
    </ClCompile>
    <ClCompile Include="Light\CLight.cpp">
      <Filter>ソース ファイル\Light</Filter>
    </ClCompile>
    <ClCompile Include="GameMain\Scene\GameScene\CharaDate\CXCharacter.cpp">
      <Filter>ソース ファイル\GameMain\Scene\GameScene\CharaData</Filter>
    </ClCompile>
    <ClCompile Include="GameMain\Scene\GameScene\CharaDate\CXCharPlayer.cpp">
      <Filter>ソース ファイル\GameMain\Scene\GameScene\CharaData</Filter>
    </ClCompile>
    <ClCompile Include="GameMain\Scene\GameScene\Map\CMap.cpp">
      <Filter>ソース ファイル\GameMain\Scene\GameScene\Map</Filter>
    </ClCompile>
    <ClCompile Include="GameMain\Vector\CVector2.cpp">
      <Filter>ソース ファイル\GameMain\Vector</Filter>
    </ClCompile>
    <ClCompile Include="GameMain\Vector\CVector3.cpp">
      <Filter>ソース ファイル\GameMain\Vector</Filter>
    </ClCompile>
    <ClCompile Include="GameMain\Vector\CVector4.cpp">
      <Filter>ソース ファイル\GameMain\Vector</Filter>
    </ClCompile>
    <ClCompile Include="GameMain\Task\CTask.cpp">
      <Filter>ソース ファイル\GameMain\Task</Filter>
    </ClCompile>
    <ClCompile Include="GameMain\Task\CTaskManager.cpp">
      <Filter>ソース ファイル\GameMain\Task</Filter>
    </ClCompile>
    <ClCompile Include="GameMain\Camera\CCamera.cpp">
      <Filter>ソース ファイル\GameMain\Camera</Filter>
    </ClCompile>
    <ClCompile Include="GameMain\Collision\CCollision.cpp">
      <Filter>ソース ファイル\GameMain\Collision</Filter>
    </ClCompile>
    <ClCompile Include="GameMain\Collision\CCollisionManager.cpp">
      <Filter>ソース ファイル\GameMain\Collision</Filter>
    </ClCompile>
    <ClCompile Include="GameMain\Graphic\CBillBoard.cpp">
      <Filter>ソース ファイル\GameMain\Graphic</Filter>
    </ClCompile>
    <ClCompile Include="GameMain\Graphic\CBox.cpp">
      <Filter>ソース ファイル\GameMain\Graphic</Filter>
    </ClCompile>
    <ClCompile Include="GameMain\Graphic\CHpBar.cpp">
      <Filter>ソース ファイル\GameMain\Graphic</Filter>
    </ClCompile>
    <ClCompile Include="GameMain\Graphic\CModelX.cpp">
      <Filter>ソース ファイル\GameMain\Graphic</Filter>
    </ClCompile>
    <ClCompile Include="GameMain\Graphic\CRectangle.cpp">
      <Filter>ソース ファイル\GameMain\Graphic</Filter>
    </ClCompile>
    <ClCompile Include="GameMain\Graphic\CShader.cpp">
      <Filter>ソース ファイル\GameMain\Graphic</Filter>
    </ClCompile>
    <ClCompile Include="GameMain\Key\CInput.cpp">
      <Filter>ソース ファイル\GameMain\Key</Filter>
    </ClCompile>
    <ClCompile Include="GameMain\Key\CKey.cpp">
      <Filter>ソース ファイル\GameMain\Key</Filter>
    </ClCompile>
    <ClCompile Include="GameMain\Matrix\CMatrix44.cpp">
      <Filter>ソース ファイル\GameMain\Matrix</Filter>
    </ClCompile>
    <ClCompile Include="GameMain\Scene\GameScene\CGameScene.cpp">
      <Filter>ソース ファイル\GameMain\Scene\GameScene</Filter>
    </ClCompile>
    <ClCompile Include="GameMain\Scene\CScene.cpp">
      <Filter>ソース ファイル\GameMain\Scene</Filter>
    </ClCompile>
    <ClCompile Include="GameMain\Scene\CSceneManager.cpp">
      <Filter>ソース ファイル\GameMain\Scene</Filter>
    </ClCompile>
    <ClCompile Include="GameMain\Scene\TitleScene\CTitle.cpp">
      <Filter>ソース ファイル\GameMain\Scene\TitleScene</Filter>
    </ClCompile>
    <ClCompile Include="GameMain\Graphic\CTriangle2.cpp">
      <Filter>ソース ファイル\GameMain\Graphic</Filter>
    </ClCompile>
    <ClCompile Include="GameMain\Graphic\CRectangle2.cpp">
      <Filter>ソース ファイル\GameMain\Graphic</Filter>
    </ClCompile>
    <ClCompile Include="GameMain\Scene\TitleScene\CTitleScene.cpp">
      <Filter>ソース ファイル\GameMain\Scene\TitleScene</Filter>
    </ClCompile>
    <ClCompile Include="GameMain\Scene\HomeScene\CHomeScene.cpp">
      <Filter>ソース ファイル\GameMain\Scene\HomeScene</Filter>
    </ClCompile>
    <ClCompile Include="GameMain\Scene\HomeScene\CHome.cpp">
      <Filter>ソース ファイル\GameMain\Scene\HomeScene</Filter>
    </ClCompile>
    <ClCompile Include="GameMain\Scene\QuestScene\CQuest.cpp">
      <Filter>ソース ファイル\GameMain\Scene\QuestScene</Filter>
    </ClCompile>
    <ClCompile Include="GameMain\Scene\QuestScene\CQuestScene.cpp">
      <Filter>ソース ファイル\GameMain\Scene\QuestScene</Filter>
    </ClCompile>
    <ClCompile Include="GameMain\Scene\ShopScene\CShop.cpp">
      <Filter>ソース ファイル\GameMain\Scene\ShopScene</Filter>
    </ClCompile>
    <ClCompile Include="GameMain\Scene\ShopScene\CShopScene.cpp">
      <Filter>ソース ファイル\GameMain\Scene\ShopScene</Filter>
    </ClCompile>
    <ClCompile Include="GameMain\Scene\ShopScene\CShopCreating.cpp">
      <Filter>ソース ファイル\GameMain\Scene\ShopScene</Filter>
    </ClCompile>
    <ClCompile Include="GameMain\Key\CMouse.cpp">
      <Filter>ソース ファイル\GameMain\Key</Filter>
    </ClCompile>
    <ClCompile Include="GameMain\Collision\CCollision2D.cpp">
      <Filter>ソース ファイル\GameMain\Collision</Filter>
    </ClCompile>
    <ClCompile Include="GameMain\Scene\ItemScene\CItem.cpp">
      <Filter>ソース ファイル\GameMain\Scene\ItemScene</Filter>
    </ClCompile>
    <ClCompile Include="GameMain\Scene\ItemScene\CItemScene.cpp">
      <Filter>ソース ファイル\GameMain\Scene\ItemScene</Filter>
    </ClCompile>
    <ClCompile Include="GameMain\Scene\OptionsScene\COption.cpp">
      <Filter>ソース ファイル\GameMain\Scene\OptionScene</Filter>
    </ClCompile>
    <ClCompile Include="GameMain\Scene\OptionsScene\COptionScene.cpp">
      <Filter>ソース ファイル\GameMain\Scene\OptionScene</Filter>
    </ClCompile>
    <ClCompile Include="GameMain\Convenient\CConvenient.cpp">
      <Filter>ソース ファイル\GameMain\Scene\GameScene\Convenient</Filter>
    </ClCompile>
    <ClCompile Include="GameMain\Scene\GameOverScene\CGameOver.cpp">
      <Filter>ソース ファイル\GameMain\Scene\GameOverScene</Filter>
    </ClCompile>
    <ClCompile Include="GameMain\Scene\GameOverScene\CGameOverScene.cpp">
      <Filter>ソース ファイル\GameMain\Scene\GameOverScene</Filter>
    </ClCompile>
    <ClCompile Include="GameMain\Scene\GameClearScene\CGameClear.cpp">
      <Filter>ソース ファイル\GameMain\Scene\GameClearScene</Filter>
    </ClCompile>
    <ClCompile Include="GameMain\Scene\GameClearScene\CGameClearScene.cpp">
      <Filter>ソース ファイル\GameMain\Scene\GameClearScene</Filter>
    </ClCompile>
    <ClCompile Include="GameMain\Scene\GameScene\CharaDate\CSceneModel.cpp">
      <Filter>ソース ファイル\GameMain\Scene\GameScene\CharaData</Filter>
    </ClCompile>
    <ClCompile Include="GameMain\Scene\GameScene\CharaDate\CXCharEnemy.cpp">
      <Filter>ソース ファイル\GameMain\Scene\GameScene\CharaData</Filter>
    </ClCompile>
    <ClCompile Include="GameMain\Scene\CountDown\CCountDown.cpp">
      <Filter>ソース ファイル\GameMain\Scene\GameScene\CountDown</Filter>
    </ClCompile>
    <ClCompile Include="GameMain\Scene\GameScene\Puck\CXPuck.cpp">
      <Filter>ソース ファイル\GameMain\Scene\GameScene\Puck</Filter>
    </ClCompile>
    <ClCompile Include="GameMain\Scene\GameScene\UI\CScoreBoard.cpp">
      <Filter>ソース ファイル\GameMain\Scene\GameScene\UI</Filter>
    </ClCompile>
    <ClCompile Include="GameMain\Scene\GameScene\Effect\CEffect2D.cpp">
      <Filter>ソース ファイル\GameMain\Scene\GameScene\Effect</Filter>
    </ClCompile>
    <ClCompile Include="GameMain\Scene\GameScene\Effect\CExplosion.cpp">
      <Filter>ソース ファイル\GameMain\Scene\GameScene\Effect</Filter>
    </ClCompile>
    <ClCompile Include="GameMain\Csv\CCsve.cpp">
      <Filter>ソース ファイル\GameMain\Csv</Filter>
    </ClCompile>
    <ClCompile Include="GameMain\Graphic\CLoadTexManager.cpp">
      <Filter>ソース ファイル\GameMain\Graphic</Filter>
    </ClCompile>
    <ClCompile Include="GameMain\Scene\GameScene\Pause\CPause.cpp">
      <Filter>ソース ファイル\GameMain\Scene\GameScene\Pause</Filter>
    </ClCompile>
    <ClCompile Include="GameMain\Scene\GameScene\Map\HighBox\CHighBox.cpp">
      <Filter>ソース ファイル\GameMain\Scene\GameScene\Map\HighBox</Filter>
    </ClCompile>
    <ClCompile Include="GameMain\Scene\GameScene\Map\FastFloor\CFastFloor.cpp">
      <Filter>ソース ファイル\GameMain\Scene\GameScene\Map\FastFloor</Filter>
    </ClCompile>
    <ClCompile Include="GameMain\Scene\GameScene\Map\Net\CNet.cpp">
      <Filter>ソース ファイル\GameMain\Scene\GameScene\Map\Net</Filter>
    </ClCompile>
    <ClCompile Include="GameMain\Scene\GameScene\Map\Slope\CSlope.cpp">
      <Filter>ソース ファイル\GameMain\Scene\GameScene\Map\Slope</Filter>
    </ClCompile>
    <ClCompile Include="GameMain\Scene\GameScene\Map\Trampoline\CTrampoline.cpp">
      <Filter>ソース ファイル\GameMain\Scene\GameScene\Map\Trampoline</Filter>
    </ClCompile>
    <ClCompile Include="GameMain\Scene\GameScene\Map\SlowFloor\CSlowFloor.cpp">
      <Filter>ソース ファイル\GameMain\Scene\GameScene\Map\SlowFloor</Filter>
    </ClCompile>
    <ClCompile Include="GameMain\Collision\CCollider.cpp">
      <Filter>ソース ファイル\GameMain\Collision</Filter>
    </ClCompile>
    <ClCompile Include="GameMain\Graphic\CTriangularPrism.cpp">
      <Filter>ソース ファイル\GameMain\Graphic</Filter>
    </ClCompile>
    <ClCompile Include="GameMain\Graphic\CTriangle.cpp">
      <Filter>ソース ファイル\GameMain\Graphic</Filter>
    </ClCompile>
    <ClCompile Include="GameMain\Scene\GameResult\CGameResult.cpp">
      <Filter>ソース ファイル\GameMain\Scene\GameResult</Filter>
    </ClCompile>
    <ClCompile Include="GameMain\Scene\GameScene\Map\SlopeEnd\CSlopeEnd.cpp">
      <Filter>ソース ファイル\GameMain\Scene\GameScene\Map\SlopeEnd</Filter>
    </ClCompile>
    <ClCompile Include="GameMain\Scene\GameScene\Tutorial\CTutorial.cpp">
      <Filter>ソース ファイル\GameMain\Scene\GameScene\Tutorial</Filter>
    </ClCompile>
    <ClCompile Include="GameMain\Scene\GameScene\Map\Goal\CGoal.cpp">
      <Filter>ソース ファイル\GameMain\Scene\GameScene\Map\Goal</Filter>
    </ClCompile>
  </ItemGroup>
  <ItemGroup>
    <ClInclude Include="Define\Define.h">
      <Filter>ソース ファイル\Define</Filter>
    </ClInclude>
    <ClInclude Include="Base\CBase.h">
      <Filter>ソース ファイル\Base</Filter>
    </ClInclude>
    <ClInclude Include="Light\CLight.h">
      <Filter>ソース ファイル\Light</Filter>
    </ClInclude>
    <ClInclude Include="GameMain\Scene\GameScene\CharaDate\CXCharacter.h">
      <Filter>ソース ファイル\GameMain\Scene\GameScene\CharaData</Filter>
    </ClInclude>
    <ClInclude Include="GameMain\Scene\GameScene\CharaDate\CXCharPlayer.h">
      <Filter>ソース ファイル\GameMain\Scene\GameScene\CharaData</Filter>
    </ClInclude>
    <ClInclude Include="GameMain\Scene\GameScene\Map\CMap.h">
      <Filter>ソース ファイル\GameMain\Scene\GameScene\Map</Filter>
    </ClInclude>
    <ClInclude Include="GameMain\Vector\CVector2.h">
      <Filter>ソース ファイル\GameMain\Vector</Filter>
    </ClInclude>
    <ClInclude Include="GameMain\Vector\CVector3.h">
      <Filter>ソース ファイル\GameMain\Vector</Filter>
    </ClInclude>
    <ClInclude Include="GameMain\Vector\CVector4.h">
      <Filter>ソース ファイル\GameMain\Vector</Filter>
    </ClInclude>
    <ClInclude Include="GameMain\Task\CTask.h">
      <Filter>ソース ファイル\GameMain\Task</Filter>
    </ClInclude>
    <ClInclude Include="GameMain\Task\CTaskManager.h">
      <Filter>ソース ファイル\GameMain\Task</Filter>
    </ClInclude>
    <ClInclude Include="GameMain\Camera\CCamera.h">
      <Filter>ソース ファイル\GameMain\Camera</Filter>
    </ClInclude>
    <ClInclude Include="GameMain\Collision\CCollision.h">
      <Filter>ソース ファイル\GameMain\Collision</Filter>
    </ClInclude>
    <ClInclude Include="GameMain\Collision\CCollisionManager.h">
      <Filter>ソース ファイル\GameMain\Collision</Filter>
    </ClInclude>
    <ClInclude Include="GameMain\Graphic\CBillBoard.h">
      <Filter>ソース ファイル\GameMain\Graphic</Filter>
    </ClInclude>
    <ClInclude Include="GameMain\Graphic\CBox.h">
      <Filter>ソース ファイル\GameMain\Graphic</Filter>
    </ClInclude>
    <ClInclude Include="GameMain\Graphic\CHpBar.h">
      <Filter>ソース ファイル\GameMain\Graphic</Filter>
    </ClInclude>
    <ClInclude Include="GameMain\Graphic\CModelX.h">
      <Filter>ソース ファイル\GameMain\Graphic</Filter>
    </ClInclude>
    <ClInclude Include="GameMain\Graphic\CRectangle.h">
      <Filter>ソース ファイル\GameMain\Graphic</Filter>
    </ClInclude>
    <ClInclude Include="GameMain\Graphic\CShader.h">
      <Filter>ソース ファイル\GameMain\Graphic</Filter>
    </ClInclude>
    <ClInclude Include="GameMain\Graphic\CTexture.h">
      <Filter>ソース ファイル\GameMain\Graphic</Filter>
    </ClInclude>
    <ClInclude Include="GameMain\Key\CInput.h">
      <Filter>ソース ファイル\GameMain\Key</Filter>
    </ClInclude>
    <ClInclude Include="GameMain\Key\CKey.h">
      <Filter>ソース ファイル\GameMain\Key</Filter>
    </ClInclude>
    <ClInclude Include="GameMain\Matrix\CMatrix44.h">
      <Filter>ソース ファイル\GameMain\Matrix</Filter>
    </ClInclude>
    <ClInclude Include="GameMain\Scene\GameScene\CGameScene.h">
      <Filter>ソース ファイル\GameMain\Scene\GameScene</Filter>
    </ClInclude>
    <ClInclude Include="GameMain\Scene\CScene.h">
      <Filter>ソース ファイル\GameMain\Scene</Filter>
    </ClInclude>
    <ClInclude Include="GameMain\Scene\CSceneManager.h">
      <Filter>ソース ファイル\GameMain\Scene</Filter>
    </ClInclude>
    <ClInclude Include="GameMain\Scene\TitleScene\CTitle.h">
      <Filter>ソース ファイル\GameMain\Scene\TitleScene</Filter>
    </ClInclude>
    <ClInclude Include="GameMain\Graphic\CTriangle2.h">
      <Filter>ソース ファイル\GameMain\Graphic</Filter>
    </ClInclude>
    <ClInclude Include="GameMain\Graphic\CRectangle2.h">
      <Filter>ソース ファイル\GameMain\Graphic</Filter>
    </ClInclude>
    <ClInclude Include="GameMain\Scene\TitleScene\CTitleScene.h">
      <Filter>ソース ファイル\GameMain\Scene\TitleScene</Filter>
    </ClInclude>
    <ClInclude Include="GameMain\Scene\HomeScene\CHomeScene.h">
      <Filter>ソース ファイル\GameMain\Scene\HomeScene</Filter>
    </ClInclude>
    <ClInclude Include="GameMain\Scene\HomeScene\CHome.h">
      <Filter>ソース ファイル\GameMain\Scene\HomeScene</Filter>
    </ClInclude>
    <ClInclude Include="GameMain\Scene\QuestScene\CQuest.h">
      <Filter>ソース ファイル\GameMain\Scene\QuestScene</Filter>
    </ClInclude>
    <ClInclude Include="GameMain\Scene\QuestScene\CQuestScene.h">
      <Filter>ソース ファイル\GameMain\Scene\QuestScene</Filter>
    </ClInclude>
    <ClInclude Include="GameMain\Scene\ShopScene\CShop.h">
      <Filter>ソース ファイル\GameMain\Scene\ShopScene</Filter>
    </ClInclude>
    <ClInclude Include="GameMain\Scene\ShopScene\CShopScene.h">
      <Filter>ソース ファイル\GameMain\Scene\ShopScene</Filter>
    </ClInclude>
    <ClInclude Include="GameMain\Scene\ShopScene\CShopCreating.h">
      <Filter>ソース ファイル\GameMain\Scene\ShopScene</Filter>
    </ClInclude>
    <ClInclude Include="GameMain\Key\CMouse.h">
      <Filter>ソース ファイル\GameMain\Key</Filter>
    </ClInclude>
    <ClInclude Include="GameMain\Collision\CCollision2D.h">
      <Filter>ソース ファイル\GameMain\Collision</Filter>
    </ClInclude>
    <ClInclude Include="GameMain\Scene\ItemScene\CItem.h">
      <Filter>ソース ファイル\GameMain\Scene\ItemScene</Filter>
    </ClInclude>
    <ClInclude Include="GameMain\Scene\ItemScene\CItemScene.h">
      <Filter>ソース ファイル\GameMain\Scene\ItemScene</Filter>
    </ClInclude>
    <ClInclude Include="GameMain\Scene\OptionsScene\COption.h">
      <Filter>ソース ファイル\GameMain\Scene\OptionScene</Filter>
    </ClInclude>
    <ClInclude Include="GameMain\Scene\OptionsScene\COptionScene.h">
      <Filter>ソース ファイル\GameMain\Scene\OptionScene</Filter>
    </ClInclude>
    <ClInclude Include="GameMain\Convenient\CConvenient.h">
      <Filter>ソース ファイル\GameMain\Scene\GameScene\Convenient</Filter>
    </ClInclude>
    <ClInclude Include="GameMain\Scene\GameOverScene\CGameOver.h">
      <Filter>ソース ファイル\GameMain\Scene\GameOverScene</Filter>
    </ClInclude>
    <ClInclude Include="GameMain\Scene\GameOverScene\CGameOverScene.h">
      <Filter>ソース ファイル\GameMain\Scene\GameOverScene</Filter>
    </ClInclude>
    <ClInclude Include="GameMain\Scene\GameClearScene\CGameClear.h">
      <Filter>ソース ファイル\GameMain\Scene\GameClearScene</Filter>
    </ClInclude>
    <ClInclude Include="GameMain\Scene\GameClearScene\CGameClearScene.h">
      <Filter>ソース ファイル\GameMain\Scene\GameClearScene</Filter>
    </ClInclude>
    <ClInclude Include="GameMain\Scene\GameScene\CharaDate\CSceneModel.h">
      <Filter>ソース ファイル\GameMain\Scene\GameScene\CharaData</Filter>
    </ClInclude>
    <ClInclude Include="GameMain\Scene\GameScene\CharaDate\CXCharEnemy.h">
      <Filter>ソース ファイル\GameMain\Scene\GameScene\CharaData</Filter>
    </ClInclude>
    <ClInclude Include="GameMain\Scene\CountDown\CCountDown.h">
      <Filter>ソース ファイル\GameMain\Scene\GameScene\CountDown</Filter>
    </ClInclude>
    <ClInclude Include="GameMain\Scene\GameScene\Puck\CXPuck.h">
      <Filter>ソース ファイル\GameMain\Scene\GameScene\Puck</Filter>
    </ClInclude>
    <ClInclude Include="GameMain\Scene\GameScene\UI\CScoreBoard.h">
      <Filter>ソース ファイル\GameMain\Scene\GameScene\UI</Filter>
    </ClInclude>
    <ClInclude Include="GameMain\Scene\GameScene\Effect\CEffect2D.h">
      <Filter>ソース ファイル\GameMain\Scene\GameScene\Effect</Filter>
    </ClInclude>
    <ClInclude Include="GameMain\Scene\GameScene\Effect\CExplosion.h">
      <Filter>ソース ファイル\GameMain\Scene\GameScene\Effect</Filter>
    </ClInclude>
    <ClInclude Include="GameMain\Csv\CCsv.h">
      <Filter>ソース ファイル\GameMain\Csv</Filter>
    </ClInclude>
    <ClInclude Include="GameMain\Graphic\CLoadTexManager.h">
      <Filter>ソース ファイル\GameMain\Graphic</Filter>
    </ClInclude>
    <ClInclude Include="GameMain\Scene\GameScene\Pause\CPause.h">
      <Filter>ソース ファイル\GameMain\Scene\GameScene\Pause</Filter>
    </ClInclude>
    <ClInclude Include="GameMain\Scene\GameScene\Map\HighBox\CHighBox.h">
      <Filter>ソース ファイル\GameMain\Scene\GameScene\Map\HighBox</Filter>
    </ClInclude>
    <ClInclude Include="GameMain\Scene\GameScene\Map\FastFloor\CFastFloor.h">
      <Filter>ソース ファイル\GameMain\Scene\GameScene\Map\FastFloor</Filter>
    </ClInclude>
    <ClInclude Include="GameMain\Scene\GameScene\Map\SlowFloor\CSlowFloor.h">
      <Filter>ソース ファイル\GameMain\Scene\GameScene\Map\SlowFloor</Filter>
    </ClInclude>
    <ClInclude Include="GameMain\Scene\GameScene\Map\Net\CNet.h">
      <Filter>ソース ファイル\GameMain\Scene\GameScene\Map\Net</Filter>
    </ClInclude>
    <ClInclude Include="GameMain\Scene\GameScene\Map\Slope\CSlope.h">
      <Filter>ソース ファイル\GameMain\Scene\GameScene\Map\Slope</Filter>
    </ClInclude>
    <ClInclude Include="GameMain\Scene\GameScene\Map\Trampoline\CTrampoline.h">
      <Filter>ソース ファイル\GameMain\Scene\GameScene\Map\Trampoline</Filter>
    </ClInclude>
    <ClInclude Include="GameMain\Collision\CCollider.h">
      <Filter>ソース ファイル\GameMain\Collision</Filter>
    </ClInclude>
    <ClInclude Include="GameMain\Graphic\CTriangularPrism.h">
      <Filter>ソース ファイル\GameMain\Graphic</Filter>
    </ClInclude>
    <ClInclude Include="GameMain\Graphic\CTriangle.h">
      <Filter>ソース ファイル\GameMain\Graphic</Filter>
    </ClInclude>
    <ClInclude Include="GameMain\Scene\GameResult\CGameResult.h">
      <Filter>ソース ファイル\GameMain\Scene\GameResult</Filter>
    </ClInclude>
    <ClInclude Include="GameMain\Collision\ColType\COBB.h">
      <Filter>ソース ファイル\GameMain\Collision\ColType</Filter>
    </ClInclude>
    <ClInclude Include="GameMain\Collision\ColType\CColBase.h">
      <Filter>ソース ファイル\GameMain\Collision\ColType</Filter>
    </ClInclude>
    <ClInclude Include="GameMain\Collision\ColType\CColSphere.h">
      <Filter>ソース ファイル\GameMain\Collision\ColType</Filter>
    </ClInclude>
    <ClInclude Include="GameMain\Collision\ColType\CColLine.h">
      <Filter>ソース ファイル\GameMain\Collision\ColType</Filter>
    </ClInclude>
    <ClInclude Include="GameMain\Collision\ColType\CColTriangle.h">
      <Filter>ソース ファイル\GameMain\Collision\ColType</Filter>
    </ClInclude>
    <ClInclude Include="GameMain\Scene\GameScene\Map\SlopeEnd\CSlopeEnd.h">
      <Filter>ソース ファイル\GameMain\Scene\GameScene\Map\SlopeEnd</Filter>
    </ClInclude>
    <ClInclude Include="GameMain\Scene\GameScene\Tutorial\CTutorial.h">
      <Filter>ソース ファイル\GameMain\Scene\GameScene\Tutorial</Filter>
    </ClInclude>
    <ClInclude Include="GameMain\Scene\GameScene\Map\Goal\CGoal.h">
      <Filter>ソース ファイル\GameMain\Scene\GameScene\Map\Goal</Filter>
    </ClInclude>
  </ItemGroup>
  <ItemGroup>
    <None Include="skinmesh.flag">
      <Filter>ソース ファイル</Filter>
    </None>
    <None Include="skinmesh.vert">
      <Filter>ソース ファイル</Filter>
    </None>
    <None Include="mesh.vert" />
    <None Include="mesh.flag" />
  </ItemGroup>
</Project>