<?xml version="1.0" encoding="utf-8"?>
<Project ToolsVersion="4.0" xmlns="http://schemas.microsoft.com/developer/msbuild/2003">
  <ItemGroup>
    <Filter Include="ソース ファイル">
      <UniqueIdentifier>{4FC737F1-C7A5-4376-A066-2A32D752A2FF}</UniqueIdentifier>
      <Extensions>cpp;c;cc;cxx;def;odl;idl;hpj;bat;asm;asmx</Extensions>
    </Filter>
    <Filter Include="リソース ファイル">
      <UniqueIdentifier>{67DA6AB6-F800-4c08-8B7A-83BB121AAD01}</UniqueIdentifier>
      <Extensions>rc;ico;cur;bmp;dlg;rc2;rct;bin;rgs;gif;jpg;jpeg;jpe;resx;tiff;tif;png;wav;mfcribbon-ms</Extensions>
    </Filter>
  </ItemGroup>
  <ItemGroup>
    <None Include="skinmesh.flag">
      <Filter>ソース ファイル</Filter>
    </None>
    <None Include="skinmesh.vert">
      <Filter>ソース ファイル</Filter>
    </None>
    <None Include="mesh.vert" />
    <None Include="mesh.flag" />
  </ItemGroup>
  <ItemGroup>
    <ClCompile Include="3DBase\C3DBase.cpp">
      <Filter>ソース ファイル</Filter>
    </ClCompile>
    <ClCompile Include="GameMain\Camera\CCamera.cpp">
      <Filter>ソース ファイル</Filter>
    </ClCompile>
    <ClCompile Include="GameMain\Collision\CCollision.cpp">
      <Filter>ソース ファイル</Filter>
    </ClCompile>
    <ClCompile Include="GameMain\Collision\CCollision2D.cpp">
      <Filter>ソース ファイル</Filter>
    </ClCompile>
    <ClCompile Include="GameMain\Collision\CCollisionManager.cpp">
      <Filter>ソース ファイル</Filter>
    </ClCompile>
    <ClCompile Include="GameMain\Collision\ColType\CColCapsule.cpp">
      <Filter>ソース ファイル</Filter>
    </ClCompile>
    <ClCompile Include="GameMain\Collision\ColType\CColSphere.cpp">
      <Filter>ソース ファイル</Filter>
    </ClCompile>
    <ClCompile Include="GameMain\Collision\ColType\CColTriangle.cpp">
      <Filter>ソース ファイル</Filter>
    </ClCompile>
    <ClCompile Include="GameMain\Collision\ColType\COBB.cpp">
      <Filter>ソース ファイル</Filter>
    </ClCompile>
    <ClCompile Include="GameMain\Convenient\CConvenient.cpp">
      <Filter>ソース ファイル</Filter>
    </ClCompile>
    <ClCompile Include="GameMain\Csv\CCsve.cpp">
      <Filter>ソース ファイル</Filter>
    </ClCompile>
    <ClCompile Include="GameMain\Graphic\CBillBoard.cpp">
      <Filter>ソース ファイル</Filter>
    </ClCompile>
    <ClCompile Include="GameMain\Graphic\CBox.cpp">
      <Filter>ソース ファイル</Filter>
    </ClCompile>
    <ClCompile Include="GameMain\Graphic\CHpBar.cpp">
      <Filter>ソース ファイル</Filter>
    </ClCompile>
    <ClCompile Include="GameMain\Graphic\CLoadTexManager.cpp">
      <Filter>ソース ファイル</Filter>
    </ClCompile>
    <ClCompile Include="GameMain\Graphic\CModelObj.cpp">
      <Filter>ソース ファイル</Filter>
    </ClCompile>
    <ClCompile Include="GameMain\Graphic\CModelX.cpp">
      <Filter>ソース ファイル</Filter>
    </ClCompile>
    <ClCompile Include="GameMain\Graphic\CRectangle.cpp">
      <Filter>ソース ファイル</Filter>
    </ClCompile>
    <ClCompile Include="GameMain\Graphic\CRectangle2.cpp">
      <Filter>ソース ファイル</Filter>
    </ClCompile>
    <ClCompile Include="GameMain\Graphic\CShader.cpp">
      <Filter>ソース ファイル</Filter>
    </ClCompile>
    <ClCompile Include="GameMain\Graphic\CTriangle.cpp">
      <Filter>ソース ファイル</Filter>
    </ClCompile>
    <ClCompile Include="GameMain\Graphic\CTriangle2.cpp">
      <Filter>ソース ファイル</Filter>
    </ClCompile>
    <ClCompile Include="GameMain\Graphic\CTriangularPrism.cpp">
      <Filter>ソース ファイル</Filter>
    </ClCompile>
    <ClCompile Include="GameMain\Key\CInput.cpp">
      <Filter>ソース ファイル</Filter>
    </ClCompile>
    <ClCompile Include="GameMain\Key\CKey.cpp">
      <Filter>ソース ファイル</Filter>
    </ClCompile>
    <ClCompile Include="GameMain\Key\CMouse.cpp">
      <Filter>ソース ファイル</Filter>
    </ClCompile>
    <ClCompile Include="GameMain\Matrix\CMatrix44.cpp">
      <Filter>ソース ファイル</Filter>
    </ClCompile>
    <ClCompile Include="GameMain\Scene\CScene.cpp">
      <Filter>ソース ファイル</Filter>
    </ClCompile>
    <ClCompile Include="GameMain\Scene\CSceneManager.cpp">
      <Filter>ソース ファイル</Filter>
    </ClCompile>
    <ClCompile Include="GameMain\Scene\GameScene\CGameScene.cpp">
      <Filter>ソース ファイル</Filter>
    </ClCompile>
    <ClCompile Include="GameMain\Scene\GameScene\CharaDate\CSceneModel.cpp">
      <Filter>ソース ファイル</Filter>
    </ClCompile>
    <ClCompile Include="GameMain\Scene\GameScene\CharaDate\Enemy\CEnemyBase.cpp">
      <Filter>ソース ファイル</Filter>
    </ClCompile>
    <ClCompile Include="GameMain\Scene\GameScene\CharaDate\Enemy\Slime\Attack\CSlimeAttack.cpp">
      <Filter>ソース ファイル</Filter>
    </ClCompile>
    <ClCompile Include="GameMain\Scene\GameScene\CharaDate\Enemy\Slime\CSlime.cpp">
      <Filter>ソース ファイル</Filter>
    </ClCompile>
    <ClCompile Include="GameMain\Scene\GameScene\CharaDate\Enemy\Slime\Damage\CSlimeDamage.cpp">
      <Filter>ソース ファイル</Filter>
    </ClCompile>
    <ClCompile Include="GameMain\Scene\GameScene\CharaDate\Enemy\Slime\Idling\CSlimeIdling.cpp">
      <Filter>ソース ファイル</Filter>
    </ClCompile>
    <ClCompile Include="GameMain\Scene\GameScene\CharaDate\Enemy\Slime\Jump\CSlimeJump.cpp">
      <Filter>ソース ファイル</Filter>
    </ClCompile>
    <ClCompile Include="GameMain\Scene\GameScene\CharaDate\Enemy\Slime\Run\CSlimeRun.cpp">
      <Filter>ソース ファイル</Filter>
    </ClCompile>
    <ClCompile Include="GameMain\Scene\GameScene\CharaDate\Player\Attack\CPlayerAttack.cpp">
      <Filter>ソース ファイル</Filter>
    </ClCompile>
    <ClCompile Include="GameMain\Scene\GameScene\CharaDate\Player\Damage\CPlayerDamage.cpp">
      <Filter>ソース ファイル</Filter>
    </ClCompile>
    <ClCompile Include="GameMain\Scene\GameScene\CharaDate\Player\Idling\CPlayeridling.cpp">
      <Filter>ソース ファイル</Filter>
    </ClCompile>
    <ClCompile Include="GameMain\Scene\GameScene\CharaDate\Player\Jump\CPlayerJump.cpp">
      <Filter>ソース ファイル</Filter>
    </ClCompile>
    <ClCompile Include="GameMain\Scene\GameScene\CharaDate\Player\Run\CPlayerRun.cpp">
      <Filter>ソース ファイル</Filter>
    </ClCompile>
    <ClCompile Include="GameMain\Scene\GameScene\CharaDate\Player\RunAttack\CPlayerRunAttack.cpp">
      <Filter>ソース ファイル</Filter>
    </ClCompile>
    <ClCompile Include="GameMain\Scene\GameScene\Effect\CEffect2D.cpp">
      <Filter>ソース ファイル</Filter>
    </ClCompile>
    <ClCompile Include="GameMain\Scene\GameScene\Effect\CExplosion.cpp">
      <Filter>ソース ファイル</Filter>
    </ClCompile>
    <ClCompile Include="GameMain\Scene\GameScene\Map\CMap.cpp">
      <Filter>ソース ファイル</Filter>
    </ClCompile>
    <ClCompile Include="GameMain\Scene\GameScene\Pause\CPause.cpp">
      <Filter>ソース ファイル</Filter>
    </ClCompile>
    <ClCompile Include="GameMain\Scene\GameScene\Tutorial\CTutorial.cpp">
      <Filter>ソース ファイル</Filter>
    </ClCompile>
    <ClCompile Include="GameMain\Scene\HomeScene\CHome.cpp">
      <Filter>ソース ファイル</Filter>
    </ClCompile>
    <ClCompile Include="GameMain\Scene\HomeScene\CHomeScene.cpp">
      <Filter>ソース ファイル</Filter>
    </ClCompile>
    <ClCompile Include="GameMain\Scene\ItemScene\CItem.cpp">
      <Filter>ソース ファイル</Filter>
    </ClCompile>
    <ClCompile Include="GameMain\Scene\ItemScene\CItemScene.cpp">
      <Filter>ソース ファイル</Filter>
    </ClCompile>
    <ClCompile Include="GameMain\Scene\QuestScene\CQuest.cpp">
      <Filter>ソース ファイル</Filter>
    </ClCompile>
    <ClCompile Include="GameMain\Scene\QuestScene\CQuestScene.cpp">
      <Filter>ソース ファイル</Filter>
    </ClCompile>
    <ClCompile Include="GameMain\Scene\TitleScene\CTitle.cpp">
      <Filter>ソース ファイル</Filter>
    </ClCompile>
    <ClCompile Include="GameMain\Scene\TitleScene\CTitleScene.cpp">
      <Filter>ソース ファイル</Filter>
    </ClCompile>
    <ClCompile Include="GameMain\Sound\CSound.cpp">
      <Filter>ソース ファイル</Filter>
    </ClCompile>
    <ClCompile Include="GameMain\Task\CTask.cpp">
      <Filter>ソース ファイル</Filter>
    </ClCompile>
    <ClCompile Include="GameMain\Task\CTaskManager.cpp">
      <Filter>ソース ファイル</Filter>
    </ClCompile>
    <ClCompile Include="GameMain\Vector\CVector2.cpp">
      <Filter>ソース ファイル</Filter>
    </ClCompile>
    <ClCompile Include="GameMain\Vector\CVector3.cpp">
      <Filter>ソース ファイル</Filter>
    </ClCompile>
    <ClCompile Include="GameMain\Vector\CVector4.cpp">
      <Filter>ソース ファイル</Filter>
    </ClCompile>
    <ClCompile Include="Light\CLight.cpp">
      <Filter>ソース ファイル</Filter>
    </ClCompile>
    <ClCompile Include="Main\main.cpp">
      <Filter>ソース ファイル</Filter>
    </ClCompile>
    <ClCompile Include="StateMachine\CStateBase.cpp">
      <Filter>ソース ファイル</Filter>
    </ClCompile>
    <ClCompile Include="StateMachine\CStateMachine.cpp">
      <Filter>ソース ファイル</Filter>
    </ClCompile>
    <ClCompile Include="GameMain\Scene\GameScene\CharaDate\Player\CPlayer.cpp">
      <Filter>ソース ファイル</Filter>
    </ClCompile>
    <ClCompile Include="GameMain\Graphic\CHpBar2D.cpp">
      <Filter>ソース ファイル</Filter>
    </ClCompile>
    <ClCompile Include="GameMain\Scene\GameScene\CharaDate\Player\Avoid\CPlayerAvoid.cpp">
      <Filter>ソース ファイル</Filter>
    </ClCompile>
    <ClCompile Include="GameMain\Scene\GameScene\CharaDate\Enemy\Slime\King\CKingSlime.cpp">
      <Filter>ソース ファイル</Filter>
    </ClCompile>
    <ClCompile Include="GameMain\Graphic\CTexture.cpp">
      <Filter>ソース ファイル</Filter>
    </ClCompile>
    <ClCompile Include="GameMain\Scene\GameScene\Result\CResult.cpp">
      <Filter>ソース ファイル</Filter>
    </ClCompile>
    <ClCompile Include="GameMain\Scene\GameScene\CharaDate\Player\Died\CPlayerDied.cpp">
      <Filter>ソース ファイル</Filter>
    </ClCompile>
    <ClCompile Include="GameMain\Scene\GameScene\CharaDate\Enemy\Slime\King\Attack\CKingSlimeAttack.cpp">
      <Filter>ソース ファイル</Filter>
    </ClCompile>
    <ClCompile Include="GameMain\Scene\GameScene\CharaDate\Enemy\Slime\King\Damage\CKingSlimeDamage.cpp">
      <Filter>ソース ファイル</Filter>
    </ClCompile>
    <ClCompile Include="GameMain\Scene\GameScene\CharaDate\Enemy\Slime\King\Idling\CKingSlimeIdling.cpp">
      <Filter>ソース ファイル</Filter>
    </ClCompile>
    <ClCompile Include="GameMain\Scene\GameScene\CharaDate\Enemy\Slime\King\Jump\CKingSlimeJump.cpp">
      <Filter>ソース ファイル</Filter>
    </ClCompile>
    <ClCompile Include="GameMain\Scene\GameScene\CharaDate\Enemy\Slime\King\Run\CKingSlimeRun.cpp">
      <Filter>ソース ファイル</Filter>
    </ClCompile>
    <ClCompile Include="GameMain\Scene\GameScene\Effect\CEffect3D.cpp">
      <Filter>ソース ファイル</Filter>
    </ClCompile>
    <ClCompile Include="GameMain\Scene\GameScene\CharaDate\Player\Special\CPlayerSpecial.cpp">
      <Filter>ソース ファイル</Filter>
    </ClCompile>
  </ItemGroup>
  <ItemGroup>
    <ClInclude Include="3DBase\C3DBase.h">
      <Filter>ソース ファイル</Filter>
    </ClInclude>
    <ClInclude Include="Define\Define.h">
      <Filter>ソース ファイル</Filter>
    </ClInclude>
    <ClInclude Include="GameMain\Camera\CCamera.h">
      <Filter>ソース ファイル</Filter>
    </ClInclude>
    <ClInclude Include="GameMain\Collision\CCollision.h">
      <Filter>ソース ファイル</Filter>
    </ClInclude>
    <ClInclude Include="GameMain\Collision\CCollision2D.h">
      <Filter>ソース ファイル</Filter>
    </ClInclude>
    <ClInclude Include="GameMain\Collision\CCollisionManager.h">
      <Filter>ソース ファイル</Filter>
    </ClInclude>
    <ClInclude Include="GameMain\Collision\ColType\CColBase.h">
      <Filter>ソース ファイル</Filter>
    </ClInclude>
    <ClInclude Include="GameMain\Collision\ColType\CColCapsule.h">
      <Filter>ソース ファイル</Filter>
    </ClInclude>
    <ClInclude Include="GameMain\Collision\ColType\CColLine.h">
      <Filter>ソース ファイル</Filter>
    </ClInclude>
    <ClInclude Include="GameMain\Collision\ColType\CColSphere.h">
      <Filter>ソース ファイル</Filter>
    </ClInclude>
    <ClInclude Include="GameMain\Collision\ColType\CColTriangle.h">
      <Filter>ソース ファイル</Filter>
    </ClInclude>
    <ClInclude Include="GameMain\Collision\ColType\COBB.h">
      <Filter>ソース ファイル</Filter>
    </ClInclude>
    <ClInclude Include="GameMain\Convenient\CConvenient.h">
      <Filter>ソース ファイル</Filter>
    </ClInclude>
    <ClInclude Include="GameMain\Csv\CCsv.h">
      <Filter>ソース ファイル</Filter>
    </ClInclude>
    <ClInclude Include="GameMain\Graphic\CBillBoard.h">
      <Filter>ソース ファイル</Filter>
    </ClInclude>
    <ClInclude Include="GameMain\Graphic\CBox.h">
      <Filter>ソース ファイル</Filter>
    </ClInclude>
    <ClInclude Include="GameMain\Graphic\CHpBar.h">
      <Filter>ソース ファイル</Filter>
    </ClInclude>
    <ClInclude Include="GameMain\Graphic\CLoadTexManager.h">
      <Filter>ソース ファイル</Filter>
    </ClInclude>
    <ClInclude Include="GameMain\Graphic\CModelObj.h">
      <Filter>ソース ファイル</Filter>
    </ClInclude>
    <ClInclude Include="GameMain\Graphic\CModelX.h">
      <Filter>ソース ファイル</Filter>
    </ClInclude>
    <ClInclude Include="GameMain\Graphic\CRectangle.h">
      <Filter>ソース ファイル</Filter>
    </ClInclude>
    <ClInclude Include="GameMain\Graphic\CRectangle2.h">
      <Filter>ソース ファイル</Filter>
    </ClInclude>
    <ClInclude Include="GameMain\Graphic\CShader.h">
      <Filter>ソース ファイル</Filter>
    </ClInclude>
    <ClInclude Include="GameMain\Graphic\CTexture.h">
      <Filter>ソース ファイル</Filter>
    </ClInclude>
    <ClInclude Include="GameMain\Graphic\CTriangle.h">
      <Filter>ソース ファイル</Filter>
    </ClInclude>
    <ClInclude Include="GameMain\Graphic\CTriangle2.h">
      <Filter>ソース ファイル</Filter>
    </ClInclude>
    <ClInclude Include="GameMain\Graphic\CTriangularPrism.h">
      <Filter>ソース ファイル</Filter>
    </ClInclude>
    <ClInclude Include="GameMain\Key\CInput.h">
      <Filter>ソース ファイル</Filter>
    </ClInclude>
    <ClInclude Include="GameMain\Key\CKey.h">
      <Filter>ソース ファイル</Filter>
    </ClInclude>
    <ClInclude Include="GameMain\Key\CMouse.h">
      <Filter>ソース ファイル</Filter>
    </ClInclude>
    <ClInclude Include="GameMain\Matrix\CMatricx22.h">
      <Filter>ソース ファイル</Filter>
    </ClInclude>
    <ClInclude Include="GameMain\Matrix\CMatrix44.h">
      <Filter>ソース ファイル</Filter>
    </ClInclude>
    <ClInclude Include="GameMain\Scene\CScene.h">
      <Filter>ソース ファイル</Filter>
    </ClInclude>
    <ClInclude Include="GameMain\Scene\CSceneManager.h">
      <Filter>ソース ファイル</Filter>
    </ClInclude>
    <ClInclude Include="GameMain\Scene\GameScene\CGameScene.h">
      <Filter>ソース ファイル</Filter>
    </ClInclude>
    <ClInclude Include="GameMain\Scene\GameScene\CharaDate\CSceneModel.h">
      <Filter>ソース ファイル</Filter>
    </ClInclude>
    <ClInclude Include="GameMain\Scene\GameScene\CharaDate\Enemy\CEnemyBase.h">
      <Filter>ソース ファイル</Filter>
    </ClInclude>
    <ClInclude Include="GameMain\Scene\GameScene\CharaDate\Enemy\Slime\Attack\CSlimeAttack.h">
      <Filter>ソース ファイル</Filter>
    </ClInclude>
    <ClInclude Include="GameMain\Scene\GameScene\CharaDate\Enemy\Slime\CSlime.h">
      <Filter>ソース ファイル</Filter>
    </ClInclude>
    <ClInclude Include="GameMain\Scene\GameScene\CharaDate\Enemy\Slime\Damage\CSlimeDamage.h">
      <Filter>ソース ファイル</Filter>
    </ClInclude>
    <ClInclude Include="GameMain\Scene\GameScene\CharaDate\Enemy\Slime\Idling\CSlimeIdling.h">
      <Filter>ソース ファイル</Filter>
    </ClInclude>
    <ClInclude Include="GameMain\Scene\GameScene\CharaDate\Enemy\Slime\Jump\CSlimeJump.h">
      <Filter>ソース ファイル</Filter>
    </ClInclude>
    <ClInclude Include="GameMain\Scene\GameScene\CharaDate\Enemy\Slime\Run\CSlimeRun.h">
      <Filter>ソース ファイル</Filter>
    </ClInclude>
    <ClInclude Include="GameMain\Scene\GameScene\CharaDate\Player\Attack\CPlayerAttack.h">
      <Filter>ソース ファイル</Filter>
    </ClInclude>
    <ClInclude Include="GameMain\Scene\GameScene\CharaDate\Player\Damage\CPlayerDamage.h">
      <Filter>ソース ファイル</Filter>
    </ClInclude>
    <ClInclude Include="GameMain\Scene\GameScene\CharaDate\Player\Idling\CPlayeridling.h">
      <Filter>ソース ファイル</Filter>
    </ClInclude>
    <ClInclude Include="GameMain\Scene\GameScene\CharaDate\Player\Jump\CPlayerJump.h">
      <Filter>ソース ファイル</Filter>
    </ClInclude>
    <ClInclude Include="GameMain\Scene\GameScene\CharaDate\Player\Run\CPlayerRun.h">
      <Filter>ソース ファイル</Filter>
    </ClInclude>
    <ClInclude Include="GameMain\Scene\GameScene\CharaDate\Player\RunAttack\CPlayerRunAttack.h">
      <Filter>ソース ファイル</Filter>
    </ClInclude>
    <ClInclude Include="GameMain\Scene\GameScene\Effect\CEffect2D.h">
      <Filter>ソース ファイル</Filter>
    </ClInclude>
    <ClInclude Include="GameMain\Scene\GameScene\Effect\CExplosion.h">
      <Filter>ソース ファイル</Filter>
    </ClInclude>
    <ClInclude Include="GameMain\Scene\GameScene\Map\CMap.h">
      <Filter>ソース ファイル</Filter>
    </ClInclude>
    <ClInclude Include="GameMain\Scene\GameScene\Pause\CPause.h">
      <Filter>ソース ファイル</Filter>
    </ClInclude>
    <ClInclude Include="GameMain\Scene\GameScene\Tutorial\CTutorial.h">
      <Filter>ソース ファイル</Filter>
    </ClInclude>
    <ClInclude Include="GameMain\Scene\HomeScene\CHome.h">
      <Filter>ソース ファイル</Filter>
    </ClInclude>
    <ClInclude Include="GameMain\Scene\HomeScene\CHomeScene.h">
      <Filter>ソース ファイル</Filter>
    </ClInclude>
    <ClInclude Include="GameMain\Scene\ItemScene\CItem.h">
      <Filter>ソース ファイル</Filter>
    </ClInclude>
    <ClInclude Include="GameMain\Scene\ItemScene\CItemScene.h">
      <Filter>ソース ファイル</Filter>
    </ClInclude>
    <ClInclude Include="GameMain\Scene\QuestScene\CQuest.h">
      <Filter>ソース ファイル</Filter>
    </ClInclude>
    <ClInclude Include="GameMain\Scene\QuestScene\CQuestScene.h">
      <Filter>ソース ファイル</Filter>
    </ClInclude>
    <ClInclude Include="GameMain\Scene\TitleScene\CTitle.h">
      <Filter>ソース ファイル</Filter>
    </ClInclude>
    <ClInclude Include="GameMain\Scene\TitleScene\CTitleScene.h">
      <Filter>ソース ファイル</Filter>
    </ClInclude>
    <ClInclude Include="GameMain\Sound\CSound.h">
      <Filter>ソース ファイル</Filter>
    </ClInclude>
    <ClInclude Include="GameMain\Task\CTask.h">
      <Filter>ソース ファイル</Filter>
    </ClInclude>
    <ClInclude Include="GameMain\Task\CTaskManager.h">
      <Filter>ソース ファイル</Filter>
    </ClInclude>
    <ClInclude Include="GameMain\Vector\CVector2.h">
      <Filter>ソース ファイル</Filter>
    </ClInclude>
    <ClInclude Include="GameMain\Vector\CVector3.h">
      <Filter>ソース ファイル</Filter>
    </ClInclude>
    <ClInclude Include="GameMain\Vector\CVector4.h">
      <Filter>ソース ファイル</Filter>
    </ClInclude>
    <ClInclude Include="include\glew.h">
      <Filter>ソース ファイル</Filter>
    </ClInclude>
    <ClInclude Include="include\glext.h">
      <Filter>ソース ファイル</Filter>
    </ClInclude>
    <ClInclude Include="include\GLFW\eglew.h">
      <Filter>ソース ファイル</Filter>
    </ClInclude>
    <ClInclude Include="include\GLFW\glew.h">
      <Filter>ソース ファイル</Filter>
    </ClInclude>
    <ClInclude Include="include\GLFW\glfw3.h">
      <Filter>ソース ファイル</Filter>
    </ClInclude>
    <ClInclude Include="include\GLFW\glfw3native.h">
      <Filter>ソース ファイル</Filter>
    </ClInclude>
    <ClInclude Include="include\GLFW\glxew.h">
      <Filter>ソース ファイル</Filter>
    </ClInclude>
    <ClInclude Include="include\GLFW\wglew.h">
      <Filter>ソース ファイル</Filter>
    </ClInclude>
    <ClInclude Include="include\glpng.h">
      <Filter>ソース ファイル</Filter>
    </ClInclude>
    <ClInclude Include="include\glut.h">
      <Filter>ソース ファイル</Filter>
    </ClInclude>
    <ClInclude Include="Light\CLight.h">
      <Filter>ソース ファイル</Filter>
    </ClInclude>
    <ClInclude Include="StateMachine\CStateBase.h">
      <Filter>ソース ファイル</Filter>
    </ClInclude>
    <ClInclude Include="StateMachine\CStateMachine.h">
      <Filter>ソース ファイル</Filter>
    </ClInclude>
    <ClInclude Include="GameMain\Scene\GameScene\CharaDate\Player\CPlayer.h">
      <Filter>ソース ファイル</Filter>
    </ClInclude>
    <ClInclude Include="GameMain\Scene\GameScene\CharaDate\Player\Avoid\CPlayerAvoid.h">
      <Filter>ソース ファイル</Filter>
    </ClInclude>
    <ClInclude Include="GameMain\Graphic\CHpBar2D.h">
      <Filter>ソース ファイル</Filter>
    </ClInclude>
    <ClInclude Include="GameMain\Scene\GameScene\CharaDate\Enemy\Slime\CKingSlime.h">
      <Filter>ソース ファイル</Filter>
    </ClInclude>
    <ClInclude Include="GameMain\Graphic\BmpFormat.h" />
    <ClInclude Include="GameMain\Scene\GameScene\Result\CResult.h" />
    <ClInclude Include="GameMain\Scene\GameScene\CharaDate\Player\Died\CPlayerDied.h" />
    <ClInclude Include="GameMain\Scene\GameScene\CharaDate\Enemy\Slime\King\CKingSlime.h" />
    <ClInclude Include="GameMain\Scene\GameScene\CharaDate\Enemy\Slime\King\Attack\CKingSlimeAttack.h" />
    <ClInclude Include="GameMain\Scene\GameScene\CharaDate\Enemy\Slime\King\Damage\CKingSlimeDamage.h" />
    <ClInclude Include="GameMain\Scene\GameScene\CharaDate\Enemy\Slime\King\Idling\CKingSlimeIdling.h" />
    <ClInclude Include="GameMain\Scene\GameScene\CharaDate\Enemy\Slime\King\Jump\CKingSlimeJump.h" />
    <ClInclude Include="GameMain\Scene\GameScene\CharaDate\Enemy\Slime\King\Run\CKingSlimeRun.h" />
    <ClInclude Include="GameMain\Scene\GameScene\Effect\CEffect3D.h" />
    <ClInclude Include="GameMain\Scene\GameScene\CharaDate\Player\Special\CPlayerSpecial.h" />
  </ItemGroup>
</Project>